
Microsoft Visual Studio Solution File, Format Version 11.00
# Visual Studio 2010
Project("{FAE04EC0-301F-11D3-BF4B-00C04F79EFBC}") = "AstarPathfindingProject", "AstarPathfindingProject.csproj", "{2D047046-0885-FDAB-1CCA-DDECF3ABA47F}"
EndProject
Project("{FAE04EC0-301F-11D3-BF4B-00C04F79EFBC}") = "Assembly-CSharp", "Assembly-CSharp.csproj", "{E599DBC1-74F7-29FF-B528-4F36C70B943A}"
EndProject
Project("{FAE04EC0-301F-11D3-BF4B-00C04F79EFBC}") = "AstarPathfindingProjectEditor", "AstarPathfindingProjectEditor.csproj", "{2313CE41-3335-DD9A-581E-09FA91A95788}"
EndProject
Project("{FAE04EC0-301F-11D3-BF4B-00C04F79EFBC}") = "PackageToolsEditor", "PackageToolsEditor.csproj", "{11408C0A-DB0E-3CAD-83F4-F4BE918189A6}"
EndProject
Global
	GlobalSection(SolutionConfigurationPlatforms) = preSolution
		Debug|Any CPU = Debug|Any CPU
		Release|Any CPU = Release|Any CPU
	EndGlobalSection
	GlobalSection(ProjectConfigurationPlatforms) = postSolution
		{2D047046-0885-FDAB-1CCA-DDECF3ABA47F}.Debug|Any CPU.ActiveCfg = Debug|Any CPU
		{2D047046-0885-FDAB-1CCA-DDECF3ABA47F}.Debug|Any CPU.Build.0 = Debug|Any CPU
		{2D047046-0885-FDAB-1CCA-DDECF3ABA47F}.Release|Any CPU.ActiveCfg = Release|Any CPU
		{2D047046-0885-FDAB-1CCA-DDECF3ABA47F}.Release|Any CPU.Build.0 = Release|Any CPU
		{E599DBC1-74F7-29FF-B528-4F36C70B943A}.Debug|Any CPU.ActiveCfg = Debug|Any CPU
		{E599DBC1-74F7-29FF-B528-4F36C70B943A}.Debug|Any CPU.Build.0 = Debug|Any CPU
		{E599DBC1-74F7-29FF-B528-4F36C70B943A}.Release|Any CPU.ActiveCfg = Release|Any CPU
		{E599DBC1-74F7-29FF-B528-4F36C70B943A}.Release|Any CPU.Build.0 = Release|Any CPU
		{2313CE41-3335-DD9A-581E-09FA91A95788}.Debug|Any CPU.ActiveCfg = Debug|Any CPU
		{2313CE41-3335-DD9A-581E-09FA91A95788}.Debug|Any CPU.Build.0 = Debug|Any CPU
		{2313CE41-3335-DD9A-581E-09FA91A95788}.Release|Any CPU.ActiveCfg = Release|Any CPU
		{2313CE41-3335-DD9A-581E-09FA91A95788}.Release|Any CPU.Build.0 = Release|Any CPU
		{11408C0A-DB0E-3CAD-83F4-F4BE918189A6}.Debug|Any CPU.ActiveCfg = Debug|Any CPU
		{11408C0A-DB0E-3CAD-83F4-F4BE918189A6}.Debug|Any CPU.Build.0 = Debug|Any CPU
		{11408C0A-DB0E-3CAD-83F4-F4BE918189A6}.Release|Any CPU.ActiveCfg = Release|Any CPU
		{11408C0A-DB0E-3CAD-83F4-F4BE918189A6}.Release|Any CPU.Build.0 = Release|Any CPU
	EndGlobalSection
	GlobalSection(SolutionProperties) = preSolution
		HideSolutionNode = FALSE
	EndGlobalSection
	GlobalSection(MonoDevelopProperties) = preSolution
		StartupItem = Assembly-CSharp.csproj
	EndGlobalSection
EndGlobal
